// !$*UTF8*$!
{
	archiveVersion = 1;
	classes = {
	};
	objectVersion = 54;
	objects = {

/* Begin PBXBuildFile section */
		0C80B921A6F3F58F76C31292 /* libPods-AxiosProj.a in Frameworks */ = {isa = PBXBuildFile; fileRef = 5DCACB8F33CDC322A6C60F78 /* libPods-AxiosProj.a */; };
		0D5C28043CCD1DD2F8E9390D /* PrivacyInfo.xcprivacy in Resources */ = {isa = PBXBuildFile; fileRef = 13B07FB81A68108700A75B9A /* PrivacyInfo.xcprivacy */; };
		13B07FBF1A68108700A75B9A /* Images.xcassets in Resources */ = {isa = PBXBuildFile; fileRef = 13B07FB51A68108700A75B9A /* Images.xcassets */; };
		761780ED2CA45674006654EE /* AppDelegate.swift in Sources */ = {isa = PBXBuildFile; fileRef = 761780EC2CA45674006654EE /* AppDelegate.swift */; };
		81AB9BB82411601600AC10FF /* LaunchScreen.storyboard in Resources */ = {isa = PBXBuildFile; fileRef = 81AB9BB72411601600AC10FF /* LaunchScreen.storyboard */; };
		E6F3E22BEEF647E6A075F247 /* AntDesign.ttf in Resources */ = {isa = PBXBuildFile; fileRef = 50C63E6BEBA742B69116AA2C /* AntDesign.ttf */; };
		C3E5A89761E7471B8872E801 /* Entypo.ttf in Resources */ = {isa = PBXBuildFile; fileRef = A84339C5D273469D9AAF5343 /* Entypo.ttf */; };
		40E1DDCB0F3F4EE181894195 /* EvilIcons.ttf in Resources */ = {isa = PBXBuildFile; fileRef = 4D7736FF46564E1CB316013D /* EvilIcons.ttf */; };
		566104A19481450C8C8F80D4 /* Feather.ttf in Resources */ = {isa = PBXBuildFile; fileRef = C631EBDCDC6F4EF7B38482DC /* Feather.ttf */; };
		ECDC2426D4684976B7699B85 /* FontAwesome copy.ttf in Resources */ = {isa = PBXBuildFile; fileRef = A0C05F0519FB4E8FB45647FF /* FontAwesome copy.ttf */; };
		56523EA2D02F4D4FA846D34E /* FontAwesome.ttf in Resources */ = {isa = PBXBuildFile; fileRef = 084A9F5423DE4CED8D96CCDA /* FontAwesome.ttf */; };
		D9362BDA45FD4B6A82CD95A7 /* FontAwesome5_Brands.ttf in Resources */ = {isa = PBXBuildFile; fileRef = CA947C0A4F9045DB9AB23FA8 /* FontAwesome5_Brands.ttf */; };
		F7617090434C4526A9245D51 /* FontAwesome5_Regular.ttf in Resources */ = {isa = PBXBuildFile; fileRef = 9CC806236B2D440ABE0E6ECE /* FontAwesome5_Regular.ttf */; };
		17F8869BECA7481A916599E1 /* FontAwesome5_Solid.ttf in Resources */ = {isa = PBXBuildFile; fileRef = 227CFD5E2B10467D95F78C25 /* FontAwesome5_Solid.ttf */; };
		7A6EE8CCC4D24BF5B731E011 /* FontAwesome6_Brands.ttf in Resources */ = {isa = PBXBuildFile; fileRef = 08ACA142AE5E470EA6F5EBB4 /* FontAwesome6_Brands.ttf */; };
		6EE64F343ADF457EA3C31BF5 /* FontAwesome6_Regular.ttf in Resources */ = {isa = PBXBuildFile; fileRef = 8144E40D74304040B64438CD /* FontAwesome6_Regular.ttf */; };
		C6A8EE9BE0BD4E24BEA8D217 /* FontAwesome6_Solid.ttf in Resources */ = {isa = PBXBuildFile; fileRef = AC157C5FE76C45259EA543D6 /* FontAwesome6_Solid.ttf */; };
		62A9AD97B0CD41C7B3CC8635 /* Fontisto.ttf in Resources */ = {isa = PBXBuildFile; fileRef = FFD375098AAA4DEE933FDF66 /* Fontisto.ttf */; };
		105A0902A38D4355B31FB17F /* Foundation.ttf in Resources */ = {isa = PBXBuildFile; fileRef = 3C12F2A191564E28B82EE8C1 /* Foundation.ttf */; };
		55A3D8DF839249C4ADDB8EF9 /* Ionicons.ttf in Resources */ = {isa = PBXBuildFile; fileRef = CE9915E734C6441C86E51F94 /* Ionicons.ttf */; };
		C1512226B2CA482E984B5116 /* MaterialCommunityIcons.ttf in Resources */ = {isa = PBXBuildFile; fileRef = 8708C77FCE744173B43D731C /* MaterialCommunityIcons.ttf */; };
		6B42EF1613E34C1AAA2CE2A7 /* MaterialIcons.ttf in Resources */ = {isa = PBXBuildFile; fileRef = 2F7005679167441880C40A9B /* MaterialIcons.ttf */; };
		823AECEB2A204B49A193675A /* Octicons.ttf in Resources */ = {isa = PBXBuildFile; fileRef = 0147FFA3E0F74966BF9DAF3D /* Octicons.ttf */; };
		7D519084D1DD4CCE9DBC2029 /* SimpleLineIcons.ttf in Resources */ = {isa = PBXBuildFile; fileRef = F93D82EE3DB54D2788CE9B8D /* SimpleLineIcons.ttf */; };
		31A6EB78B3C24185862A94DD /* Zocial.ttf in Resources */ = {isa = PBXBuildFile; fileRef = 26951D223B3842ACB59D0CA2 /* Zocial.ttf */; };
		1E86B666CED04CCCA2264764 /* Lato-Black.ttf in Resources */ = {isa = PBXBuildFile; fileRef = 220A5F69B4BB48F5854445DE /* Lato-Black.ttf */; };
		06C4B26C7D3D4896B0ADE6A9 /* Lato-BlackItalic.ttf in Resources */ = {isa = PBXBuildFile; fileRef = AEBFC2F157F244679A30BB2E /* Lato-BlackItalic.ttf */; };
		CBBACEE448A24042B8B40F19 /* Lato-Bold.ttf in Resources */ = {isa = PBXBuildFile; fileRef = 12D3212B6D23488481CA4F53 /* Lato-Bold.ttf */; };
		A4CC32E77EB449D5A8E11D3F /* Lato-BoldItalic.ttf in Resources */ = {isa = PBXBuildFile; fileRef = 4904C034FD5C463585E5915E /* Lato-BoldItalic.ttf */; };
		8924ADBFD462413A941411A2 /* Lato-Italic.ttf in Resources */ = {isa = PBXBuildFile; fileRef = 846F285C0D0541F19FC23EF8 /* Lato-Italic.ttf */; };
		1CEB057FCFBF4A3D83727B2C /* Lato-Light.ttf in Resources */ = {isa = PBXBuildFile; fileRef = BF9AFD228B4A45BE82E0F383 /* Lato-Light.ttf */; };
		ED0154E01F7F4B9B9CFCCE55 /* Lato-LightItalic.ttf in Resources */ = {isa = PBXBuildFile; fileRef = F44A14B5B744470696EDEABE /* Lato-LightItalic.ttf */; };
		32443A50785F4C1D9956CA29 /* Lato-Regular.ttf in Resources */ = {isa = PBXBuildFile; fileRef = 1720A668DA0049DAA59189F0 /* Lato-Regular.ttf */; };
		3D62314534BA4D4CBB6E7B15 /* Lato-Thin.ttf in Resources */ = {isa = PBXBuildFile; fileRef = 9F39FC2FE61A416A9141DB92 /* Lato-Thin.ttf */; };
		C04F1EF9C16D4EA8A082FE40 /* Lato-ThinItalic.ttf in Resources */ = {isa = PBXBuildFile; fileRef = E7F064EABD82498A90DD4764 /* Lato-ThinItalic.ttf */; };
/* End PBXBuildFile section */

/* Begin PBXFileReference section */
		13B07F961A680F5B00A75B9A /* AxiosProj.app */ = {isa = PBXFileReference; explicitFileType = wrapper.application; includeInIndex = 0; path = AxiosProj.app; sourceTree = BUILT_PRODUCTS_DIR; };
		13B07FB51A68108700A75B9A /* Images.xcassets */ = {isa = PBXFileReference; lastKnownFileType = folder.assetcatalog; name = Images.xcassets; path = AxiosProj/Images.xcassets; sourceTree = "<group>"; };
		13B07FB61A68108700A75B9A /* Info.plist */ = {isa = PBXFileReference; fileEncoding = 4; lastKnownFileType = text.plist.xml; name = Info.plist; path = AxiosProj/Info.plist; sourceTree = "<group>"; };
		13B07FB81A68108700A75B9A /* PrivacyInfo.xcprivacy */ = {isa = PBXFileReference; fileEncoding = 4; lastKnownFileType = text.plist.xml; name = PrivacyInfo.xcprivacy; path = AxiosProj/PrivacyInfo.xcprivacy; sourceTree = "<group>"; };
		3B4392A12AC88292D35C810B /* Pods-AxiosProj.debug.xcconfig */ = {isa = PBXFileReference; includeInIndex = 1; lastKnownFileType = text.xcconfig; name = "Pods-AxiosProj.debug.xcconfig"; path = "Target Support Files/Pods-AxiosProj/Pods-AxiosProj.debug.xcconfig"; sourceTree = "<group>"; };
		5709B34CF0A7D63546082F79 /* Pods-AxiosProj.release.xcconfig */ = {isa = PBXFileReference; includeInIndex = 1; lastKnownFileType = text.xcconfig; name = "Pods-AxiosProj.release.xcconfig"; path = "Target Support Files/Pods-AxiosProj/Pods-AxiosProj.release.xcconfig"; sourceTree = "<group>"; };
		5DCACB8F33CDC322A6C60F78 /* libPods-AxiosProj.a */ = {isa = PBXFileReference; explicitFileType = archive.ar; includeInIndex = 0; path = "libPods-AxiosProj.a"; sourceTree = BUILT_PRODUCTS_DIR; };
		761780EC2CA45674006654EE /* AppDelegate.swift */ = {isa = PBXFileReference; lastKnownFileType = sourcecode.swift; name = AppDelegate.swift; path = AxiosProj/AppDelegate.swift; sourceTree = "<group>"; };
		81AB9BB72411601600AC10FF /* LaunchScreen.storyboard */ = {isa = PBXFileReference; fileEncoding = 4; lastKnownFileType = file.storyboard; name = LaunchScreen.storyboard; path = AxiosProj/LaunchScreen.storyboard; sourceTree = "<group>"; };
		B360841F2D67062600BBB6D8 /* AntDesign.ttf */ = {isa = PBXFileReference; lastKnownFileType = file; path = AntDesign.ttf; sourceTree = "<group>"; };
		B36084202D67062600BBB6D8 /* Entypo.ttf */ = {isa = PBXFileReference; lastKnownFileType = file; path = Entypo.ttf; sourceTree = "<group>"; };
		B36084212D67062600BBB6D8 /* EvilIcons.ttf */ = {isa = PBXFileReference; lastKnownFileType = file; path = EvilIcons.ttf; sourceTree = "<group>"; };
		B36084222D67062600BBB6D8 /* Feather.ttf */ = {isa = PBXFileReference; lastKnownFileType = file; path = Feather.ttf; sourceTree = "<group>"; };
		B36084232D67062600BBB6D8 /* FontAwesome.ttf */ = {isa = PBXFileReference; lastKnownFileType = file; path = FontAwesome.ttf; sourceTree = "<group>"; };
		B36084242D67062600BBB6D8 /* FontAwesome5_Brands.ttf */ = {isa = PBXFileReference; lastKnownFileType = file; path = FontAwesome5_Brands.ttf; sourceTree = "<group>"; };
		B36084252D67062600BBB6D8 /* FontAwesome5_Regular.ttf */ = {isa = PBXFileReference; lastKnownFileType = file; path = FontAwesome5_Regular.ttf; sourceTree = "<group>"; };
		B36084262D67062600BBB6D8 /* FontAwesome5_Solid.ttf */ = {isa = PBXFileReference; lastKnownFileType = file; path = FontAwesome5_Solid.ttf; sourceTree = "<group>"; };
		B36084272D67062600BBB6D8 /* FontAwesome6_Brands.ttf */ = {isa = PBXFileReference; lastKnownFileType = file; path = FontAwesome6_Brands.ttf; sourceTree = "<group>"; };
		B36084282D67062600BBB6D8 /* FontAwesome6_Regular.ttf */ = {isa = PBXFileReference; lastKnownFileType = file; path = FontAwesome6_Regular.ttf; sourceTree = "<group>"; };
		B36084292D67062600BBB6D8 /* FontAwesome6_Solid.ttf */ = {isa = PBXFileReference; lastKnownFileType = file; path = FontAwesome6_Solid.ttf; sourceTree = "<group>"; };
		B360842A2D67062600BBB6D8 /* Fontisto.ttf */ = {isa = PBXFileReference; lastKnownFileType = file; path = Fontisto.ttf; sourceTree = "<group>"; };
		B360842B2D67062600BBB6D8 /* Foundation.ttf */ = {isa = PBXFileReference; lastKnownFileType = file; path = Foundation.ttf; sourceTree = "<group>"; };
		B360842C2D67062600BBB6D8 /* Ionicons.ttf */ = {isa = PBXFileReference; lastKnownFileType = file; path = Ionicons.ttf; sourceTree = "<group>"; };
		B360842D2D67062600BBB6D8 /* MaterialCommunityIcons.ttf */ = {isa = PBXFileReference; lastKnownFileType = file; path = MaterialCommunityIcons.ttf; sourceTree = "<group>"; };
		B360842E2D67062600BBB6D8 /* MaterialIcons.ttf */ = {isa = PBXFileReference; lastKnownFileType = file; path = MaterialIcons.ttf; sourceTree = "<group>"; };
		B360842F2D67062600BBB6D8 /* Octicons.ttf */ = {isa = PBXFileReference; lastKnownFileType = file; path = Octicons.ttf; sourceTree = "<group>"; };
		B36084302D67062600BBB6D8 /* SimpleLineIcons.ttf */ = {isa = PBXFileReference; lastKnownFileType = file; path = SimpleLineIcons.ttf; sourceTree = "<group>"; };
		B36084312D67062600BBB6D8 /* Zocial.ttf */ = {isa = PBXFileReference; lastKnownFileType = file; path = Zocial.ttf; sourceTree = "<group>"; };
		ED297162215061F000B7C4FE /* JavaScriptCore.framework */ = {isa = PBXFileReference; lastKnownFileType = wrapper.framework; name = JavaScriptCore.framework; path = System/Library/Frameworks/JavaScriptCore.framework; sourceTree = SDKROOT; };
		50C63E6BEBA742B69116AA2C /* AntDesign.ttf */ = {isa = PBXFileReference; name = "AntDesign.ttf"; path = "../assets/fonts/AntDesign.ttf"; sourceTree = "<group>"; fileEncoding = undefined; lastKnownFileType = unknown; explicitFileType = undefined; includeInIndex = 0; };
		A84339C5D273469D9AAF5343 /* Entypo.ttf */ = {isa = PBXFileReference; name = "Entypo.ttf"; path = "../assets/fonts/Entypo.ttf"; sourceTree = "<group>"; fileEncoding = undefined; lastKnownFileType = unknown; explicitFileType = undefined; includeInIndex = 0; };
		4D7736FF46564E1CB316013D /* EvilIcons.ttf */ = {isa = PBXFileReference; name = "EvilIcons.ttf"; path = "../assets/fonts/EvilIcons.ttf"; sourceTree = "<group>"; fileEncoding = undefined; lastKnownFileType = unknown; explicitFileType = undefined; includeInIndex = 0; };
		C631EBDCDC6F4EF7B38482DC /* Feather.ttf */ = {isa = PBXFileReference; name = "Feather.ttf"; path = "../assets/fonts/Feather.ttf"; sourceTree = "<group>"; fileEncoding = undefined; lastKnownFileType = unknown; explicitFileType = undefined; includeInIndex = 0; };
		A0C05F0519FB4E8FB45647FF /* FontAwesome copy.ttf */ = {isa = PBXFileReference; name = "FontAwesome copy.ttf"; path = "../assets/fonts/FontAwesome copy.ttf"; sourceTree = "<group>"; fileEncoding = undefined; lastKnownFileType = unknown; explicitFileType = undefined; includeInIndex = 0; };
		084A9F5423DE4CED8D96CCDA /* FontAwesome.ttf */ = {isa = PBXFileReference; name = "FontAwesome.ttf"; path = "../assets/fonts/FontAwesome.ttf"; sourceTree = "<group>"; fileEncoding = undefined; lastKnownFileType = unknown; explicitFileType = undefined; includeInIndex = 0; };
		CA947C0A4F9045DB9AB23FA8 /* FontAwesome5_Brands.ttf */ = {isa = PBXFileReference; name = "FontAwesome5_Brands.ttf"; path = "../assets/fonts/FontAwesome5_Brands.ttf"; sourceTree = "<group>"; fileEncoding = undefined; lastKnownFileType = unknown; explicitFileType = undefined; includeInIndex = 0; };
		9CC806236B2D440ABE0E6ECE /* FontAwesome5_Regular.ttf */ = {isa = PBXFileReference; name = "FontAwesome5_Regular.ttf"; path = "../assets/fonts/FontAwesome5_Regular.ttf"; sourceTree = "<group>"; fileEncoding = undefined; lastKnownFileType = unknown; explicitFileType = undefined; includeInIndex = 0; };
		227CFD5E2B10467D95F78C25 /* FontAwesome5_Solid.ttf */ = {isa = PBXFileReference; name = "FontAwesome5_Solid.ttf"; path = "../assets/fonts/FontAwesome5_Solid.ttf"; sourceTree = "<group>"; fileEncoding = undefined; lastKnownFileType = unknown; explicitFileType = undefined; includeInIndex = 0; };
		08ACA142AE5E470EA6F5EBB4 /* FontAwesome6_Brands.ttf */ = {isa = PBXFileReference; name = "FontAwesome6_Brands.ttf"; path = "../assets/fonts/FontAwesome6_Brands.ttf"; sourceTree = "<group>"; fileEncoding = undefined; lastKnownFileType = unknown; explicitFileType = undefined; includeInIndex = 0; };
		8144E40D74304040B64438CD /* FontAwesome6_Regular.ttf */ = {isa = PBXFileReference; name = "FontAwesome6_Regular.ttf"; path = "../assets/fonts/FontAwesome6_Regular.ttf"; sourceTree = "<group>"; fileEncoding = undefined; lastKnownFileType = unknown; explicitFileType = undefined; includeInIndex = 0; };
		AC157C5FE76C45259EA543D6 /* FontAwesome6_Solid.ttf */ = {isa = PBXFileReference; name = "FontAwesome6_Solid.ttf"; path = "../assets/fonts/FontAwesome6_Solid.ttf"; sourceTree = "<group>"; fileEncoding = undefined; lastKnownFileType = unknown; explicitFileType = undefined; includeInIndex = 0; };
		FFD375098AAA4DEE933FDF66 /* Fontisto.ttf */ = {isa = PBXFileReference; name = "Fontisto.ttf"; path = "../assets/fonts/Fontisto.ttf"; sourceTree = "<group>"; fileEncoding = undefined; lastKnownFileType = unknown; explicitFileType = undefined; includeInIndex = 0; };
		3C12F2A191564E28B82EE8C1 /* Foundation.ttf */ = {isa = PBXFileReference; name = "Foundation.ttf"; path = "../assets/fonts/Foundation.ttf"; sourceTree = "<group>"; fileEncoding = undefined; lastKnownFileType = unknown; explicitFileType = undefined; includeInIndex = 0; };
		CE9915E734C6441C86E51F94 /* Ionicons.ttf */ = {isa = PBXFileReference; name = "Ionicons.ttf"; path = "../assets/fonts/Ionicons.ttf"; sourceTree = "<group>"; fileEncoding = undefined; lastKnownFileType = unknown; explicitFileType = undefined; includeInIndex = 0; };
		8708C77FCE744173B43D731C /* MaterialCommunityIcons.ttf */ = {isa = PBXFileReference; name = "MaterialCommunityIcons.ttf"; path = "../assets/fonts/MaterialCommunityIcons.ttf"; sourceTree = "<group>"; fileEncoding = undefined; lastKnownFileType = unknown; explicitFileType = undefined; includeInIndex = 0; };
		2F7005679167441880C40A9B /* MaterialIcons.ttf */ = {isa = PBXFileReference; name = "MaterialIcons.ttf"; path = "../assets/fonts/MaterialIcons.ttf"; sourceTree = "<group>"; fileEncoding = undefined; lastKnownFileType = unknown; explicitFileType = undefined; includeInIndex = 0; };
		0147FFA3E0F74966BF9DAF3D /* Octicons.ttf */ = {isa = PBXFileReference; name = "Octicons.ttf"; path = "../assets/fonts/Octicons.ttf"; sourceTree = "<group>"; fileEncoding = undefined; lastKnownFileType = unknown; explicitFileType = undefined; includeInIndex = 0; };
		F93D82EE3DB54D2788CE9B8D /* SimpleLineIcons.ttf */ = {isa = PBXFileReference; name = "SimpleLineIcons.ttf"; path = "../assets/fonts/SimpleLineIcons.ttf"; sourceTree = "<group>"; fileEncoding = undefined; lastKnownFileType = unknown; explicitFileType = undefined; includeInIndex = 0; };
		26951D223B3842ACB59D0CA2 /* Zocial.ttf */ = {isa = PBXFileReference; name = "Zocial.ttf"; path = "../assets/fonts/Zocial.ttf"; sourceTree = "<group>"; fileEncoding = undefined; lastKnownFileType = unknown; explicitFileType = undefined; includeInIndex = 0; };
		220A5F69B4BB48F5854445DE /* Lato-Black.ttf */ = {isa = PBXFileReference; name = "Lato-Black.ttf"; path = "../assets/fonts/Lato-Black.ttf"; sourceTree = "<group>"; fileEncoding = undefined; lastKnownFileType = unknown; explicitFileType = undefined; includeInIndex = 0; };
		AEBFC2F157F244679A30BB2E /* Lato-BlackItalic.ttf */ = {isa = PBXFileReference; name = "Lato-BlackItalic.ttf"; path = "../assets/fonts/Lato-BlackItalic.ttf"; sourceTree = "<group>"; fileEncoding = undefined; lastKnownFileType = unknown; explicitFileType = undefined; includeInIndex = 0; };
		12D3212B6D23488481CA4F53 /* Lato-Bold.ttf */ = {isa = PBXFileReference; name = "Lato-Bold.ttf"; path = "../assets/fonts/Lato-Bold.ttf"; sourceTree = "<group>"; fileEncoding = undefined; lastKnownFileType = unknown; explicitFileType = undefined; includeInIndex = 0; };
		4904C034FD5C463585E5915E /* Lato-BoldItalic.ttf */ = {isa = PBXFileReference; name = "Lato-BoldItalic.ttf"; path = "../assets/fonts/Lato-BoldItalic.ttf"; sourceTree = "<group>"; fileEncoding = undefined; lastKnownFileType = unknown; explicitFileType = undefined; includeInIndex = 0; };
		846F285C0D0541F19FC23EF8 /* Lato-Italic.ttf */ = {isa = PBXFileReference; name = "Lato-Italic.ttf"; path = "../assets/fonts/Lato-Italic.ttf"; sourceTree = "<group>"; fileEncoding = undefined; lastKnownFileType = unknown; explicitFileType = undefined; includeInIndex = 0; };
		BF9AFD228B4A45BE82E0F383 /* Lato-Light.ttf */ = {isa = PBXFileReference; name = "Lato-Light.ttf"; path = "../assets/fonts/Lato-Light.ttf"; sourceTree = "<group>"; fileEncoding = undefined; lastKnownFileType = unknown; explicitFileType = undefined; includeInIndex = 0; };
		F44A14B5B744470696EDEABE /* Lato-LightItalic.ttf */ = {isa = PBXFileReference; name = "Lato-LightItalic.ttf"; path = "../assets/fonts/Lato-LightItalic.ttf"; sourceTree = "<group>"; fileEncoding = undefined; lastKnownFileType = unknown; explicitFileType = undefined; includeInIndex = 0; };
		1720A668DA0049DAA59189F0 /* Lato-Regular.ttf */ = {isa = PBXFileReference; name = "Lato-Regular.ttf"; path = "../assets/fonts/Lato-Regular.ttf"; sourceTree = "<group>"; fileEncoding = undefined; lastKnownFileType = unknown; explicitFileType = undefined; includeInIndex = 0; };
		9F39FC2FE61A416A9141DB92 /* Lato-Thin.ttf */ = {isa = PBXFileReference; name = "Lato-Thin.ttf"; path = "../assets/fonts/Lato-Thin.ttf"; sourceTree = "<group>"; fileEncoding = undefined; lastKnownFileType = unknown; explicitFileType = undefined; includeInIndex = 0; };
		E7F064EABD82498A90DD4764 /* Lato-ThinItalic.ttf */ = {isa = PBXFileReference; name = "Lato-ThinItalic.ttf"; path = "../assets/fonts/Lato-ThinItalic.ttf"; sourceTree = "<group>"; fileEncoding = undefined; lastKnownFileType = unknown; explicitFileType = undefined; includeInIndex = 0; };
/* End PBXFileReference section */

/* Begin PBXFrameworksBuildPhase section */
		13B07F8C1A680F5B00A75B9A /* Frameworks */ = {
			isa = PBXFrameworksBuildPhase;
			buildActionMask = 2147483647;
			files = (
				0C80B921A6F3F58F76C31292 /* libPods-AxiosProj.a in Frameworks */,
			);
			runOnlyForDeploymentPostprocessing = 0;
		};
/* End PBXFrameworksBuildPhase section */

/* Begin PBXGroup section */
		13B07FAE1A68108700A75B9A /* AxiosProj */ = {
			isa = PBXGroup;
			children = (
				13B07FB51A68108700A75B9A /* Images.xcassets */,
				761780EC2CA45674006654EE /* AppDelegate.swift */,
				13B07FB61A68108700A75B9A /* Info.plist */,
				81AB9BB72411601600AC10FF /* LaunchScreen.storyboard */,
				13B07FB81A68108700A75B9A /* PrivacyInfo.xcprivacy */,
			);
			name = AxiosProj;
			sourceTree = "<group>";
		};
		2D16E6871FA4F8E400B85C8A /* Frameworks */ = {
			isa = PBXGroup;
			children = (
				ED297162215061F000B7C4FE /* JavaScriptCore.framework */,
				5DCACB8F33CDC322A6C60F78 /* libPods-AxiosProj.a */,
			);
			name = Frameworks;
			sourceTree = "<group>";
		};
		832341AE1AAA6A7D00B99B32 /* Libraries */ = {
			isa = PBXGroup;
			children = (
			);
			name = Libraries;
			sourceTree = "<group>";
		};
		83CBB9F61A601CBA00E9B192 = {
			isa = PBXGroup;
			children = (
				13B07FAE1A68108700A75B9A /* AxiosProj */,
				832341AE1AAA6A7D00B99B32 /* Libraries */,
				83CBBA001A601CBA00E9B192 /* Products */,
				2D16E6871FA4F8E400B85C8A /* Frameworks */,
				BBD78D7AC51CEA395F1C20DB /* Pods */,
				B36084322D67062600BBB6D8 /* Fonts */,
				B19293CF32984DDE8EF49862 /* Resources */,
			);
			indentWidth = 2;
			sourceTree = "<group>";
			tabWidth = 2;
			usesTabs = 0;
		};
		83CBBA001A601CBA00E9B192 /* Products */ = {
			isa = PBXGroup;
			children = (
				13B07F961A680F5B00A75B9A /* AxiosProj.app */,
			);
			name = Products;
			sourceTree = "<group>";
		};
		B36084322D67062600BBB6D8 /* Fonts */ = {
			isa = PBXGroup;
			children = (
				B360841F2D67062600BBB6D8 /* AntDesign.ttf */,
				B36084202D67062600BBB6D8 /* Entypo.ttf */,
				B36084212D67062600BBB6D8 /* EvilIcons.ttf */,
				B36084222D67062600BBB6D8 /* Feather.ttf */,
				B36084232D67062600BBB6D8 /* FontAwesome.ttf */,
				B36084242D67062600BBB6D8 /* FontAwesome5_Brands.ttf */,
				B36084252D67062600BBB6D8 /* FontAwesome5_Regular.ttf */,
				B36084262D67062600BBB6D8 /* FontAwesome5_Solid.ttf */,
				B36084272D67062600BBB6D8 /* FontAwesome6_Brands.ttf */,
				B36084282D67062600BBB6D8 /* FontAwesome6_Regular.ttf */,
				B36084292D67062600BBB6D8 /* FontAwesome6_Solid.ttf */,
				B360842A2D67062600BBB6D8 /* Fontisto.ttf */,
				B360842B2D67062600BBB6D8 /* Foundation.ttf */,
				B360842C2D67062600BBB6D8 /* Ionicons.ttf */,
				B360842D2D67062600BBB6D8 /* MaterialCommunityIcons.ttf */,
				B360842E2D67062600BBB6D8 /* MaterialIcons.ttf */,
				B360842F2D67062600BBB6D8 /* Octicons.ttf */,
				B36084302D67062600BBB6D8 /* SimpleLineIcons.ttf */,
				B36084312D67062600BBB6D8 /* Zocial.ttf */,
			);
			path = Fonts;
			sourceTree = "<group>";
		};
		BBD78D7AC51CEA395F1C20DB /* Pods */ = {
			isa = PBXGroup;
			children = (
				3B4392A12AC88292D35C810B /* Pods-AxiosProj.debug.xcconfig */,
				5709B34CF0A7D63546082F79 /* Pods-AxiosProj.release.xcconfig */,
			);
			path = Pods;
			sourceTree = "<group>";
		};
		B19293CF32984DDE8EF49862 /* Resources */ = {
			isa = "PBXGroup";
			children = (
				50C63E6BEBA742B69116AA2C /* AntDesign.ttf */,
				A84339C5D273469D9AAF5343 /* Entypo.ttf */,
				4D7736FF46564E1CB316013D /* EvilIcons.ttf */,
				C631EBDCDC6F4EF7B38482DC /* Feather.ttf */,
				A0C05F0519FB4E8FB45647FF /* FontAwesome copy.ttf */,
				084A9F5423DE4CED8D96CCDA /* FontAwesome.ttf */,
				CA947C0A4F9045DB9AB23FA8 /* FontAwesome5_Brands.ttf */,
				9CC806236B2D440ABE0E6ECE /* FontAwesome5_Regular.ttf */,
				227CFD5E2B10467D95F78C25 /* FontAwesome5_Solid.ttf */,
				08ACA142AE5E470EA6F5EBB4 /* FontAwesome6_Brands.ttf */,
				8144E40D74304040B64438CD /* FontAwesome6_Regular.ttf */,
				AC157C5FE76C45259EA543D6 /* FontAwesome6_Solid.ttf */,
				FFD375098AAA4DEE933FDF66 /* Fontisto.ttf */,
				3C12F2A191564E28B82EE8C1 /* Foundation.ttf */,
				CE9915E734C6441C86E51F94 /* Ionicons.ttf */,
				8708C77FCE744173B43D731C /* MaterialCommunityIcons.ttf */,
				2F7005679167441880C40A9B /* MaterialIcons.ttf */,
				0147FFA3E0F74966BF9DAF3D /* Octicons.ttf */,
				F93D82EE3DB54D2788CE9B8D /* SimpleLineIcons.ttf */,
				26951D223B3842ACB59D0CA2 /* Zocial.ttf */,
				220A5F69B4BB48F5854445DE /* Lato-Black.ttf */,
				AEBFC2F157F244679A30BB2E /* Lato-BlackItalic.ttf */,
				12D3212B6D23488481CA4F53 /* Lato-Bold.ttf */,
				4904C034FD5C463585E5915E /* Lato-BoldItalic.ttf */,
				846F285C0D0541F19FC23EF8 /* Lato-Italic.ttf */,
				BF9AFD228B4A45BE82E0F383 /* Lato-Light.ttf */,
				F44A14B5B744470696EDEABE /* Lato-LightItalic.ttf */,
				1720A668DA0049DAA59189F0 /* Lato-Regular.ttf */,
				9F39FC2FE61A416A9141DB92 /* Lato-Thin.ttf */,
				E7F064EABD82498A90DD4764 /* Lato-ThinItalic.ttf */,
			);
			name = Resources;
			sourceTree = "<group>";
			path = "";
		};
/* End PBXGroup section */

/* Begin PBXNativeTarget section */
		13B07F861A680F5B00A75B9A /* AxiosProj */ = {
			isa = PBXNativeTarget;
			buildConfigurationList = 13B07F931A680F5B00A75B9A /* Build configuration list for PBXNativeTarget "AxiosProj" */;
			buildPhases = (
				C38B50BA6285516D6DCD4F65 /* [CP] Check Pods Manifest.lock */,
				13B07F871A680F5B00A75B9A /* Sources */,
				13B07F8C1A680F5B00A75B9A /* Frameworks */,
				13B07F8E1A680F5B00A75B9A /* Resources */,
				00DD1BFF1BD5951E006B06BC /* Bundle React Native code and images */,
				00EEFC60759A1932668264C0 /* [CP] Embed Pods Frameworks */,
				E235C05ADACE081382539298 /* [CP] Copy Pods Resources */,
			);
			buildRules = (
			);
			dependencies = (
			);
			name = AxiosProj;
			productName = AxiosProj;
			productReference = 13B07F961A680F5B00A75B9A /* AxiosProj.app */;
			productType = "com.apple.product-type.application";
		};
/* End PBXNativeTarget section */

/* Begin PBXProject section */
		83CBB9F71A601CBA00E9B192 /* Project object */ = {
			isa = PBXProject;
			attributes = {
				LastUpgradeCheck = 1210;
				TargetAttributes = {
					13B07F861A680F5B00A75B9A = {
						LastSwiftMigration = 1120;
					};
				};
			};
			buildConfigurationList = 83CBB9FA1A601CBA00E9B192 /* Build configuration list for PBXProject "AxiosProj" */;
			compatibilityVersion = "Xcode 12.0";
			developmentRegion = en;
			hasScannedForEncodings = 0;
			knownRegions = (
				en,
				Base,
			);
			mainGroup = 83CBB9F61A601CBA00E9B192;
			productRefGroup = 83CBBA001A601CBA00E9B192 /* Products */;
			projectDirPath = "";
			projectRoot = "";
			targets = (
				13B07F861A680F5B00A75B9A /* AxiosProj */,
			);
		};
/* End PBXProject section */

/* Begin PBXResourcesBuildPhase section */
		13B07F8E1A680F5B00A75B9A /* Resources */ = {
			isa = PBXResourcesBuildPhase;
			buildActionMask = 2147483647;
			files = (
				81AB9BB82411601600AC10FF /* LaunchScreen.storyboard in Resources */,
				13B07FBF1A68108700A75B9A /* Images.xcassets in Resources */,
				0D5C28043CCD1DD2F8E9390D /* PrivacyInfo.xcprivacy in Resources */,
				43ED565F1BBC4FA49C2A635B /* AntDesign.ttf in Resources */,
				4DC889DD4C7D479784257B03 /* Entypo.ttf in Resources */,
				6685536EB89640CCA84A2AD4 /* EvilIcons.ttf in Resources */,
				C3339F3E22064AE2BAE9025B /* Feather.ttf in Resources */,
				549F803FC2EA44D3BF41EF0E /* FontAwesome.ttf in Resources */,
				ED80B7110A5F4874A1EEADDD /* FontAwesome5_Brands.ttf in Resources */,
				2A43C804A4E140FC810A70FC /* FontAwesome5_Regular.ttf in Resources */,
				2DEA8894A1704444AF3AFBD9 /* FontAwesome5_Solid.ttf in Resources */,
				00553321C3D443709B65AA99 /* FontAwesome6_Brands.ttf in Resources */,
				06DB86AA792F42E4949E3BBA /* FontAwesome6_Regular.ttf in Resources */,
				C9BCF6D6C7F845B9963B168E /* FontAwesome6_Solid.ttf in Resources */,
				D7C756A26E4A429CB53D09E3 /* Fontisto.ttf in Resources */,
				CFB0FBDE9504408BA81F7A91 /* Foundation.ttf in Resources */,
				606BA99D81164F228E08D829 /* Ionicons.ttf in Resources */,
				FB0F3D46E5FA497CA5A78BF0 /* MaterialCommunityIcons.ttf in Resources */,
				30C67A9AB1B54851A8E3601D /* MaterialIcons.ttf in Resources */,
				08E4D5AF2ABC453CBC032D99 /* Octicons.ttf in Resources */,
				CAE45846D3684B4C88F8D7F2 /* SimpleLineIcons.ttf in Resources */,
				A6772C684D9844CC8F2FB6D8 /* Zocial.ttf in Resources */,
				E6F3E22BEEF647E6A075F247 /* AntDesign.ttf in Resources */,
				C3E5A89761E7471B8872E801 /* Entypo.ttf in Resources */,
				40E1DDCB0F3F4EE181894195 /* EvilIcons.ttf in Resources */,
				566104A19481450C8C8F80D4 /* Feather.ttf in Resources */,
				ECDC2426D4684976B7699B85 /* FontAwesome copy.ttf in Resources */,
				56523EA2D02F4D4FA846D34E /* FontAwesome.ttf in Resources */,
				D9362BDA45FD4B6A82CD95A7 /* FontAwesome5_Brands.ttf in Resources */,
				F7617090434C4526A9245D51 /* FontAwesome5_Regular.ttf in Resources */,
				17F8869BECA7481A916599E1 /* FontAwesome5_Solid.ttf in Resources */,
				7A6EE8CCC4D24BF5B731E011 /* FontAwesome6_Brands.ttf in Resources */,
				6EE64F343ADF457EA3C31BF5 /* FontAwesome6_Regular.ttf in Resources */,
				C6A8EE9BE0BD4E24BEA8D217 /* FontAwesome6_Solid.ttf in Resources */,
				62A9AD97B0CD41C7B3CC8635 /* Fontisto.ttf in Resources */,
				105A0902A38D4355B31FB17F /* Foundation.ttf in Resources */,
				55A3D8DF839249C4ADDB8EF9 /* Ionicons.ttf in Resources */,
				C1512226B2CA482E984B5116 /* MaterialCommunityIcons.ttf in Resources */,
				6B42EF1613E34C1AAA2CE2A7 /* MaterialIcons.ttf in Resources */,
				823AECEB2A204B49A193675A /* Octicons.ttf in Resources */,
				7D519084D1DD4CCE9DBC2029 /* SimpleLineIcons.ttf in Resources */,
				31A6EB78B3C24185862A94DD /* Zocial.ttf in Resources */,
				1E86B666CED04CCCA2264764 /* Lato-Black.ttf in Resources */,
				06C4B26C7D3D4896B0ADE6A9 /* Lato-BlackItalic.ttf in Resources */,
				CBBACEE448A24042B8B40F19 /* Lato-Bold.ttf in Resources */,
				A4CC32E77EB449D5A8E11D3F /* Lato-BoldItalic.ttf in Resources */,
				8924ADBFD462413A941411A2 /* Lato-Italic.ttf in Resources */,
				1CEB057FCFBF4A3D83727B2C /* Lato-Light.ttf in Resources */,
				ED0154E01F7F4B9B9CFCCE55 /* Lato-LightItalic.ttf in Resources */,
				32443A50785F4C1D9956CA29 /* Lato-Regular.ttf in Resources */,
				3D62314534BA4D4CBB6E7B15 /* Lato-Thin.ttf in Resources */,
				C04F1EF9C16D4EA8A082FE40 /* Lato-ThinItalic.ttf in Resources */,
			);
			runOnlyForDeploymentPostprocessing = 0;
		};
/* End PBXResourcesBuildPhase section */

/* Begin PBXShellScriptBuildPhase section */
		00DD1BFF1BD5951E006B06BC /* Bundle React Native code and images */ = {
			isa = PBXShellScriptBuildPhase;
			buildActionMask = 2147483647;
			files = (
			);
			inputPaths = (
				"$(SRCROOT)/.xcode.env.local",
				"$(SRCROOT)/.xcode.env",
			);
			name = "Bundle React Native code and images";
			outputPaths = (
			);
			runOnlyForDeploymentPostprocessing = 0;
			shellPath = /bin/sh;
			shellScript = "set -e\n\nWITH_ENVIRONMENT=\"$REACT_NATIVE_PATH/scripts/xcode/with-environment.sh\"\nREACT_NATIVE_XCODE=\"$REACT_NATIVE_PATH/scripts/react-native-xcode.sh\"\n\n/bin/sh -c \"$WITH_ENVIRONMENT $REACT_NATIVE_XCODE\"\n";
		};
		00EEFC60759A1932668264C0 /* [CP] Embed Pods Frameworks */ = {
			isa = PBXShellScriptBuildPhase;
			buildActionMask = 2147483647;
			files = (
			);
			inputFileListPaths = (
				"${PODS_ROOT}/Target Support Files/Pods-AxiosProj/Pods-AxiosProj-frameworks-${CONFIGURATION}-input-files.xcfilelist",
			);
			name = "[CP] Embed Pods Frameworks";
			outputFileListPaths = (
				"${PODS_ROOT}/Target Support Files/Pods-AxiosProj/Pods-AxiosProj-frameworks-${CONFIGURATION}-output-files.xcfilelist",
			);
			runOnlyForDeploymentPostprocessing = 0;
			shellPath = /bin/sh;
			shellScript = "\"${PODS_ROOT}/Target Support Files/Pods-AxiosProj/Pods-AxiosProj-frameworks.sh\"\n";
			showEnvVarsInLog = 0;
		};
		C38B50BA6285516D6DCD4F65 /* [CP] Check Pods Manifest.lock */ = {
			isa = PBXShellScriptBuildPhase;
			buildActionMask = 2147483647;
			files = (
			);
			inputFileListPaths = (
			);
			inputPaths = (
				"${PODS_PODFILE_DIR_PATH}/Podfile.lock",
				"${PODS_ROOT}/Manifest.lock",
			);
			name = "[CP] Check Pods Manifest.lock";
			outputFileListPaths = (
			);
			outputPaths = (
				"$(DERIVED_FILE_DIR)/Pods-AxiosProj-checkManifestLockResult.txt",
			);
			runOnlyForDeploymentPostprocessing = 0;
			shellPath = /bin/sh;
			shellScript = "diff \"${PODS_PODFILE_DIR_PATH}/Podfile.lock\" \"${PODS_ROOT}/Manifest.lock\" > /dev/null\nif [ $? != 0 ] ; then\n    # print error to STDERR\n    echo \"error: The sandbox is not in sync with the Podfile.lock. Run 'pod install' or update your CocoaPods installation.\" >&2\n    exit 1\nfi\n# This output is used by Xcode 'outputs' to avoid re-running this script phase.\necho \"SUCCESS\" > \"${SCRIPT_OUTPUT_FILE_0}\"\n";
			showEnvVarsInLog = 0;
		};
		E235C05ADACE081382539298 /* [CP] Copy Pods Resources */ = {
			isa = PBXShellScriptBuildPhase;
			buildActionMask = 2147483647;
			files = (
			);
			inputFileListPaths = (
				"${PODS_ROOT}/Target Support Files/Pods-AxiosProj/Pods-AxiosProj-resources-${CONFIGURATION}-input-files.xcfilelist",
			);
			name = "[CP] Copy Pods Resources";
			outputFileListPaths = (
				"${PODS_ROOT}/Target Support Files/Pods-AxiosProj/Pods-AxiosProj-resources-${CONFIGURATION}-output-files.xcfilelist",
			);
			runOnlyForDeploymentPostprocessing = 0;
			shellPath = /bin/sh;
			shellScript = "\"${PODS_ROOT}/Target Support Files/Pods-AxiosProj/Pods-AxiosProj-resources.sh\"\n";
			showEnvVarsInLog = 0;
		};
/* End PBXShellScriptBuildPhase section */

/* Begin PBXSourcesBuildPhase section */
		13B07F871A680F5B00A75B9A /* Sources */ = {
			isa = PBXSourcesBuildPhase;
			buildActionMask = 2147483647;
			files = (
				761780ED2CA45674006654EE /* AppDelegate.swift in Sources */,
			);
			runOnlyForDeploymentPostprocessing = 0;
		};
/* End PBXSourcesBuildPhase section */

/* Begin XCBuildConfiguration section */
		13B07F941A680F5B00A75B9A /* Debug */ = {
			isa = XCBuildConfiguration;
			baseConfigurationReference = 3B4392A12AC88292D35C810B /* Pods-AxiosProj.debug.xcconfig */;
			buildSettings = {
				ASSETCATALOG_COMPILER_APPICON_NAME = AppIcon;
				CLANG_ENABLE_MODULES = YES;
				CURRENT_PROJECT_VERSION = 1;
				ENABLE_BITCODE = NO;
				INFOPLIST_FILE = AxiosProj/Info.plist;
				IPHONEOS_DEPLOYMENT_TARGET = 15.1;
				LD_RUNPATH_SEARCH_PATHS = (
					"$(inherited)",
					"@executable_path/Frameworks",
				);
				MARKETING_VERSION = 1.0;
				OTHER_LDFLAGS = (
					"$(inherited)",
					"-ObjC",
					"-lc++",
				);
				PRODUCT_BUNDLE_IDENTIFIER = "org.reactjs.native.example.$(PRODUCT_NAME:rfc1034identifier)";
				PRODUCT_NAME = AxiosProj;
				SWIFT_OPTIMIZATION_LEVEL = "-Onone";
				SWIFT_VERSION = 5.0;
				VERSIONING_SYSTEM = "apple-generic";
			};
			name = Debug;
		};
		13B07F951A680F5B00A75B9A /* Release */ = {
			isa = XCBuildConfiguration;
			baseConfigurationReference = 5709B34CF0A7D63546082F79 /* Pods-AxiosProj.release.xcconfig */;
			buildSettings = {
				ASSETCATALOG_COMPILER_APPICON_NAME = AppIcon;
				CLANG_ENABLE_MODULES = YES;
				CURRENT_PROJECT_VERSION = 1;
				INFOPLIST_FILE = AxiosProj/Info.plist;
				IPHONEOS_DEPLOYMENT_TARGET = 15.1;
				LD_RUNPATH_SEARCH_PATHS = (
					"$(inherited)",
					"@executable_path/Frameworks",
				);
				MARKETING_VERSION = 1.0;
				OTHER_LDFLAGS = (
					"$(inherited)",
					"-ObjC",
					"-lc++",
				);
				PRODUCT_BUNDLE_IDENTIFIER = "org.reactjs.native.example.$(PRODUCT_NAME:rfc1034identifier)";
				PRODUCT_NAME = AxiosProj;
				SWIFT_VERSION = 5.0;
				VERSIONING_SYSTEM = "apple-generic";
			};
			name = Release;
		};
		83CBBA201A601CBA00E9B192 /* Debug */ = {
			isa = XCBuildConfiguration;
			buildSettings = {
				ALWAYS_SEARCH_USER_PATHS = NO;
				CLANG_ANALYZER_LOCALIZABILITY_NONLOCALIZED = YES;
				CLANG_CXX_LANGUAGE_STANDARD = "c++20";
				CLANG_CXX_LIBRARY = "libc++";
				CLANG_ENABLE_MODULES = YES;
				CLANG_ENABLE_OBJC_ARC = YES;
				CLANG_WARN_BLOCK_CAPTURE_AUTORELEASING = YES;
				CLANG_WARN_BOOL_CONVERSION = YES;
				CLANG_WARN_COMMA = YES;
				CLANG_WARN_CONSTANT_CONVERSION = YES;
				CLANG_WARN_DEPRECATED_OBJC_IMPLEMENTATIONS = YES;
				CLANG_WARN_DIRECT_OBJC_ISA_USAGE = YES_ERROR;
				CLANG_WARN_EMPTY_BODY = YES;
				CLANG_WARN_ENUM_CONVERSION = YES;
				CLANG_WARN_INFINITE_RECURSION = YES;
				CLANG_WARN_INT_CONVERSION = YES;
				CLANG_WARN_NON_LITERAL_NULL_CONVERSION = YES;
				CLANG_WARN_OBJC_IMPLICIT_RETAIN_SELF = YES;
				CLANG_WARN_OBJC_LITERAL_CONVERSION = YES;
				CLANG_WARN_OBJC_ROOT_CLASS = YES_ERROR;
				CLANG_WARN_QUOTED_INCLUDE_IN_FRAMEWORK_HEADER = YES;
				CLANG_WARN_RANGE_LOOP_ANALYSIS = YES;
				CLANG_WARN_STRICT_PROTOTYPES = YES;
				CLANG_WARN_SUSPICIOUS_MOVE = YES;
				CLANG_WARN_UNREACHABLE_CODE = YES;
				CLANG_WARN__DUPLICATE_METHOD_MATCH = YES;
				"CODE_SIGN_IDENTITY[sdk=iphoneos*]" = "iPhone Developer";
				COPY_PHASE_STRIP = NO;
				ENABLE_STRICT_OBJC_MSGSEND = YES;
				ENABLE_TESTABILITY = YES;
				"EXCLUDED_ARCHS[sdk=iphonesimulator*]" = "";
				GCC_C_LANGUAGE_STANDARD = gnu99;
				GCC_DYNAMIC_NO_PIC = NO;
				GCC_NO_COMMON_BLOCKS = YES;
				GCC_OPTIMIZATION_LEVEL = 0;
				GCC_PREPROCESSOR_DEFINITIONS = (
					"DEBUG=1",
					"$(inherited)",
				);
				GCC_SYMBOLS_PRIVATE_EXTERN = NO;
				GCC_WARN_64_TO_32_BIT_CONVERSION = YES;
				GCC_WARN_ABOUT_RETURN_TYPE = YES_ERROR;
				GCC_WARN_UNDECLARED_SELECTOR = YES;
				GCC_WARN_UNINITIALIZED_AUTOS = YES_AGGRESSIVE;
				GCC_WARN_UNUSED_FUNCTION = YES;
				GCC_WARN_UNUSED_VARIABLE = YES;
				IPHONEOS_DEPLOYMENT_TARGET = 15.1;
				LD_RUNPATH_SEARCH_PATHS = (
					/usr/lib/swift,
					"$(inherited)",
				);
				LIBRARY_SEARCH_PATHS = (
					"\"$(SDKROOT)/usr/lib/swift\"",
					"\"$(TOOLCHAIN_DIR)/usr/lib/swift/$(PLATFORM_NAME)\"",
					"\"$(inherited)\"",
				);
				MTL_ENABLE_DEBUG_INFO = YES;
				ONLY_ACTIVE_ARCH = YES;
				OTHER_CPLUSPLUSFLAGS = (
					"$(OTHER_CFLAGS)",
					"-DFOLLY_NO_CONFIG",
					"-DFOLLY_MOBILE=1",
					"-DFOLLY_USE_LIBCPP=1",
					"-DFOLLY_CFG_NO_COROUTINES=1",
					"-DFOLLY_HAVE_CLOCK_GETTIME=1",
				);
				OTHER_LDFLAGS = "$(inherited)  ";
				REACT_NATIVE_PATH = "${PODS_ROOT}/../../node_modules/react-native";
				SDKROOT = iphoneos;
				SWIFT_ACTIVE_COMPILATION_CONDITIONS = "$(inherited) DEBUG";
				USE_HERMES = true;
			};
			name = Debug;
		};
		83CBBA211A601CBA00E9B192 /* Release */ = {
			isa = XCBuildConfiguration;
			buildSettings = {
				ALWAYS_SEARCH_USER_PATHS = NO;
				CLANG_ANALYZER_LOCALIZABILITY_NONLOCALIZED = YES;
				CLANG_CXX_LANGUAGE_STANDARD = "c++20";
				CLANG_CXX_LIBRARY = "libc++";
				CLANG_ENABLE_MODULES = YES;
				CLANG_ENABLE_OBJC_ARC = YES;
				CLANG_WARN_BLOCK_CAPTURE_AUTORELEASING = YES;
				CLANG_WARN_BOOL_CONVERSION = YES;
				CLANG_WARN_COMMA = YES;
				CLANG_WARN_CONSTANT_CONVERSION = YES;
				CLANG_WARN_DEPRECATED_OBJC_IMPLEMENTATIONS = YES;
				CLANG_WARN_DIRECT_OBJC_ISA_USAGE = YES_ERROR;
				CLANG_WARN_EMPTY_BODY = YES;
				CLANG_WARN_ENUM_CONVERSION = YES;
				CLANG_WARN_INFINITE_RECURSION = YES;
				CLANG_WARN_INT_CONVERSION = YES;
				CLANG_WARN_NON_LITERAL_NULL_CONVERSION = YES;
				CLANG_WARN_OBJC_IMPLICIT_RETAIN_SELF = YES;
				CLANG_WARN_OBJC_LITERAL_CONVERSION = YES;
				CLANG_WARN_OBJC_ROOT_CLASS = YES_ERROR;
				CLANG_WARN_QUOTED_INCLUDE_IN_FRAMEWORK_HEADER = YES;
				CLANG_WARN_RANGE_LOOP_ANALYSIS = YES;
				CLANG_WARN_STRICT_PROTOTYPES = YES;
				CLANG_WARN_SUSPICIOUS_MOVE = YES;
				CLANG_WARN_UNREACHABLE_CODE = YES;
				CLANG_WARN__DUPLICATE_METHOD_MATCH = YES;
				"CODE_SIGN_IDENTITY[sdk=iphoneos*]" = "iPhone Developer";
				COPY_PHASE_STRIP = YES;
				ENABLE_NS_ASSERTIONS = NO;
				ENABLE_STRICT_OBJC_MSGSEND = YES;
				"EXCLUDED_ARCHS[sdk=iphonesimulator*]" = "";
				GCC_C_LANGUAGE_STANDARD = gnu99;
				GCC_NO_COMMON_BLOCKS = YES;
				GCC_WARN_64_TO_32_BIT_CONVERSION = YES;
				GCC_WARN_ABOUT_RETURN_TYPE = YES_ERROR;
				GCC_WARN_UNDECLARED_SELECTOR = YES;
				GCC_WARN_UNINITIALIZED_AUTOS = YES_AGGRESSIVE;
				GCC_WARN_UNUSED_FUNCTION = YES;
				GCC_WARN_UNUSED_VARIABLE = YES;
				IPHONEOS_DEPLOYMENT_TARGET = 15.1;
				LD_RUNPATH_SEARCH_PATHS = (
					/usr/lib/swift,
					"$(inherited)",
				);
				LIBRARY_SEARCH_PATHS = (
					"\"$(SDKROOT)/usr/lib/swift\"",
					"\"$(TOOLCHAIN_DIR)/usr/lib/swift/$(PLATFORM_NAME)\"",
					"\"$(inherited)\"",
				);
				MTL_ENABLE_DEBUG_INFO = NO;
				OTHER_CPLUSPLUSFLAGS = (
					"$(OTHER_CFLAGS)",
					"-DFOLLY_NO_CONFIG",
					"-DFOLLY_MOBILE=1",
					"-DFOLLY_USE_LIBCPP=1",
					"-DFOLLY_CFG_NO_COROUTINES=1",
					"-DFOLLY_HAVE_CLOCK_GETTIME=1",
				);
				OTHER_LDFLAGS = "$(inherited)  ";
				REACT_NATIVE_PATH = "${PODS_ROOT}/../../node_modules/react-native";
				SDKROOT = iphoneos;
				USE_HERMES = true;
				VALIDATE_PRODUCT = YES;
			};
			name = Release;
		};
/* End XCBuildConfiguration section */

/* Begin XCConfigurationList section */
		13B07F931A680F5B00A75B9A /* Build configuration list for PBXNativeTarget "AxiosProj" */ = {
			isa = XCConfigurationList;
			buildConfigurations = (
				13B07F941A680F5B00A75B9A /* Debug */,
				13B07F951A680F5B00A75B9A /* Release */,
			);
			defaultConfigurationIsVisible = 0;
			defaultConfigurationName = Release;
		};
		83CBB9FA1A601CBA00E9B192 /* Build configuration list for PBXProject "AxiosProj" */ = {
			isa = XCConfigurationList;
			buildConfigurations = (
				83CBBA201A601CBA00E9B192 /* Debug */,
				83CBBA211A601CBA00E9B192 /* Release */,
			);
			defaultConfigurationIsVisible = 0;
			defaultConfigurationName = Release;
		};
/* End XCConfigurationList section */
	};
	rootObject = 83CBB9F71A601CBA00E9B192 /* Project object */;
}
